{
  "name": "agent-governed-demo",
  "version": "1.0.0",
  "lockfileVersion": 3,
  "requires": true,
  "packages": {
    "": {
      "name": "agent-governed-demo",
      "version": "1.0.0",
      "dependencies": {
        "@anthropic-ai/sdk": "0.39.0"
      }
    },
    "node_modules/@anthropic-ai/sdk": {
      "version": "0.39.0",
      "resolved": "https://registry.npmjs.org/@anthropic-ai/sdk/-/sdk-0.39.0.tgz"
    }
  }
}
